
Microsoft Visual Studio Solution File, Format Version 12.00
# Visual Studio Version 16
VisualStudioVersion = 16.0.31911.196
MinimumVisualStudioVersion = 10.0.40219.1
Project("{FAE04EC0-301F-11D3-BF4B-00C04F79EFBC}") = "Lab2-2", "Lab2-2\Lab2-2.csproj", "{9CA73C23-93FE-418B-9488-8C2342AA1E68}"
EndProject
Global
	GlobalSection(SolutionConfigurationPlatforms) = preSolution
		Debug|Any CPU = Debug|Any CPU
		Release|Any CPU = Release|Any CPU
	EndGlobalSection
	GlobalSection(ProjectConfigurationPlatforms) = postSolution
		{9CA73C23-93FE-418B-9488-8C2342AA1E68}.Debug|Any CPU.ActiveCfg = Debug|Any CPU
		{9CA73C23-93FE-418B-9488-8C2342AA1E68}.Debug|Any CPU.Build.0 = Debug|Any CPU
		{9CA73C23-93FE-418B-9488-8C2342AA1E68}.Release|Any CPU.ActiveCfg = Release|Any CPU
		{9CA73C23-93FE-418B-9488-8C2342AA1E68}.Release|Any CPU.Build.0 = Release|Any CPU
	EndGlobalSection
	GlobalSection(SolutionProperties) = preSolution
		HideSolutionNode = FALSE
	EndGlobalSection
	GlobalSection(ExtensibilityGlobals) = postSolution
		SolutionGuid = {300FB1A3-B4E6-4EC0-B08E-ADEC0F743FE3}
	EndGlobalSection
EndGlobal
